
Microsoft Visual Studio Solution File, Format Version 12.00
# Visual Studio Version 16
VisualStudioVersion = 16.0.34031.81
MinimumVisualStudioVersion = 10.0.40219.1
Project("{2150E333-8FDC-42A3-9474-1A3956D46DE8}") = "Task0", "Task0", "{39480728-885C-4692-B8DB-ED839E0EF5CE}"
EndProject
Project("{FAE04EC0-301F-11D3-BF4B-00C04F79EFBC}") = "Tyuiu.MezentsevSE.Sprint6.Task0.V26.Lib", "Tyuiu.MezentsevSE.Sprint6.Task0.V26.Lib\Tyuiu.MezentsevSE.Sprint6.Task0.V26.Lib.csproj", "{7EDE3E5E-4EB5-445D-BAF9-FB68EFAC6102}"
EndProject
Project("{FAE04EC0-301F-11D3-BF4B-00C04F79EFBC}") = "Tyuiu.MezentsevSE.Sprint6.Task0.V26.Test", "Tyuiu.MezentsevSE.Sprint6.Task0.V26.Test\Tyuiu.MezentsevSE.Sprint6.Task0.V26.Test.csproj", "{DA660C85-0193-449F-841F-B8E2991850CC}"
EndProject
Project("{FAE04EC0-301F-11D3-BF4B-00C04F79EFBC}") = "Tyuiu.MezentsevSE.Sprint6.Task0.V26", "Tyuiu.MezentsevSE.Sprint6.Task0.V26\Tyuiu.MezentsevSE.Sprint6.Task0.V26.csproj", "{B6AAF52B-F4FD-4F0F-943A-FF5030A42FA2}"
EndProject
Project("{2150E333-8FDC-42A3-9474-1A3956D46DE8}") = "Task1", "Task1", "{F4DD86DA-163F-40FE-BC28-110E13D8D238}"
EndProject
Project("{FAE04EC0-301F-11D3-BF4B-00C04F79EFBC}") = "Tyuiu.MezentsevSE.Sprint6.Task1.V13.Lib", "Tyuiu.MezentsevSE.Sprint6.Task1.V13.Lib\Tyuiu.MezentsevSE.Sprint6.Task1.V13.Lib.csproj", "{99EE2D0C-6336-47E5-A73E-6D63ECFA4FD2}"
EndProject
Project("{FAE04EC0-301F-11D3-BF4B-00C04F79EFBC}") = "Tyuiu.MezentsevSE.Sprint6.Task1.V13.Test", "Tyuiu.MezentsevSE.Sprint6.Task1.V13.Test\Tyuiu.MezentsevSE.Sprint6.Task1.V13.Test.csproj", "{9B5714A0-A73B-433C-AD33-CDCF7F00C85B}"
EndProject
Project("{FAE04EC0-301F-11D3-BF4B-00C04F79EFBC}") = "Tyuiu.MezentsevSE.Sprint6.Task1.V13", "Tyuiu.MezentsevSE.Sprint6.Task1.V13\Tyuiu.MezentsevSE.Sprint6.Task1.V13.csproj", "{8AB7C867-4275-4F9D-8A9B-EE6A8A67E1E0}"
EndProject
Project("{2150E333-8FDC-42A3-9474-1A3956D46DE8}") = "Task2", "Task2", "{C61FAA82-3B30-432E-9851-443415DD8AA0}"
EndProject
Project("{FAE04EC0-301F-11D3-BF4B-00C04F79EFBC}") = "Tyuiu.MezentsevSE.Sprint6.Task2.V6.Lib", "Tyuiu.MezentsevSE.Sprint6.Task2.V6.Lib\Tyuiu.MezentsevSE.Sprint6.Task2.V6.Lib.csproj", "{933D2C53-3D5F-4054-AD5F-7DBA860BDCAF}"
EndProject
Project("{FAE04EC0-301F-11D3-BF4B-00C04F79EFBC}") = "Tyuiu.MezentsevSE.Sprint6.Task2.V6.Test", "Tyuiu.MezentsevSE.Sprint6.Task2.V6.Test\Tyuiu.MezentsevSE.Sprint6.Task2.V6.Test.csproj", "{A5D861EF-89B3-4F34-8A70-9DBC4D5577A8}"
EndProject
Project("{FAE04EC0-301F-11D3-BF4B-00C04F79EFBC}") = "Tyuiu.MezentsevSE.Sprint6.Task2.V6", "Tyuiu.MezentsevSE.Sprint6.Task2.V6\Tyuiu.MezentsevSE.Sprint6.Task2.V6.csproj", "{272C1E5C-29A9-498B-9ED5-D2D519B2C338}"
EndProject
Global
	GlobalSection(SolutionConfigurationPlatforms) = preSolution
		Debug|Any CPU = Debug|Any CPU
		Release|Any CPU = Release|Any CPU
	EndGlobalSection
	GlobalSection(ProjectConfigurationPlatforms) = postSolution
		{7EDE3E5E-4EB5-445D-BAF9-FB68EFAC6102}.Debug|Any CPU.ActiveCfg = Debug|Any CPU
		{7EDE3E5E-4EB5-445D-BAF9-FB68EFAC6102}.Debug|Any CPU.Build.0 = Debug|Any CPU
		{7EDE3E5E-4EB5-445D-BAF9-FB68EFAC6102}.Release|Any CPU.ActiveCfg = Release|Any CPU
		{7EDE3E5E-4EB5-445D-BAF9-FB68EFAC6102}.Release|Any CPU.Build.0 = Release|Any CPU
		{DA660C85-0193-449F-841F-B8E2991850CC}.Debug|Any CPU.ActiveCfg = Debug|Any CPU
		{DA660C85-0193-449F-841F-B8E2991850CC}.Debug|Any CPU.Build.0 = Debug|Any CPU
		{DA660C85-0193-449F-841F-B8E2991850CC}.Release|Any CPU.ActiveCfg = Release|Any CPU
		{DA660C85-0193-449F-841F-B8E2991850CC}.Release|Any CPU.Build.0 = Release|Any CPU
		{B6AAF52B-F4FD-4F0F-943A-FF5030A42FA2}.Debug|Any CPU.ActiveCfg = Debug|Any CPU
		{B6AAF52B-F4FD-4F0F-943A-FF5030A42FA2}.Debug|Any CPU.Build.0 = Debug|Any CPU
		{B6AAF52B-F4FD-4F0F-943A-FF5030A42FA2}.Release|Any CPU.ActiveCfg = Release|Any CPU
		{B6AAF52B-F4FD-4F0F-943A-FF5030A42FA2}.Release|Any CPU.Build.0 = Release|Any CPU
		{99EE2D0C-6336-47E5-A73E-6D63ECFA4FD2}.Debug|Any CPU.ActiveCfg = Debug|Any CPU
		{99EE2D0C-6336-47E5-A73E-6D63ECFA4FD2}.Debug|Any CPU.Build.0 = Debug|Any CPU
		{99EE2D0C-6336-47E5-A73E-6D63ECFA4FD2}.Release|Any CPU.ActiveCfg = Release|Any CPU
		{99EE2D0C-6336-47E5-A73E-6D63ECFA4FD2}.Release|Any CPU.Build.0 = Release|Any CPU
		{9B5714A0-A73B-433C-AD33-CDCF7F00C85B}.Debug|Any CPU.ActiveCfg = Debug|Any CPU
		{9B5714A0-A73B-433C-AD33-CDCF7F00C85B}.Debug|Any CPU.Build.0 = Debug|Any CPU
		{9B5714A0-A73B-433C-AD33-CDCF7F00C85B}.Release|Any CPU.ActiveCfg = Release|Any CPU
		{9B5714A0-A73B-433C-AD33-CDCF7F00C85B}.Release|Any CPU.Build.0 = Release|Any CPU
		{8AB7C867-4275-4F9D-8A9B-EE6A8A67E1E0}.Debug|Any CPU.ActiveCfg = Debug|Any CPU
		{8AB7C867-4275-4F9D-8A9B-EE6A8A67E1E0}.Debug|Any CPU.Build.0 = Debug|Any CPU
		{8AB7C867-4275-4F9D-8A9B-EE6A8A67E1E0}.Release|Any CPU.ActiveCfg = Release|Any CPU
		{8AB7C867-4275-4F9D-8A9B-EE6A8A67E1E0}.Release|Any CPU.Build.0 = Release|Any CPU
		{933D2C53-3D5F-4054-AD5F-7DBA860BDCAF}.Debug|Any CPU.ActiveCfg = Debug|Any CPU
		{933D2C53-3D5F-4054-AD5F-7DBA860BDCAF}.Debug|Any CPU.Build.0 = Debug|Any CPU
		{933D2C53-3D5F-4054-AD5F-7DBA860BDCAF}.Release|Any CPU.ActiveCfg = Release|Any CPU
		{933D2C53-3D5F-4054-AD5F-7DBA860BDCAF}.Release|Any CPU.Build.0 = Release|Any CPU
		{A5D861EF-89B3-4F34-8A70-9DBC4D5577A8}.Debug|Any CPU.ActiveCfg = Debug|Any CPU
		{A5D861EF-89B3-4F34-8A70-9DBC4D5577A8}.Debug|Any CPU.Build.0 = Debug|Any CPU
		{A5D861EF-89B3-4F34-8A70-9DBC4D5577A8}.Release|Any CPU.ActiveCfg = Release|Any CPU
		{A5D861EF-89B3-4F34-8A70-9DBC4D5577A8}.Release|Any CPU.Build.0 = Release|Any CPU
		{272C1E5C-29A9-498B-9ED5-D2D519B2C338}.Debug|Any CPU.ActiveCfg = Debug|Any CPU
		{272C1E5C-29A9-498B-9ED5-D2D519B2C338}.Debug|Any CPU.Build.0 = Debug|Any CPU
		{272C1E5C-29A9-498B-9ED5-D2D519B2C338}.Release|Any CPU.ActiveCfg = Release|Any CPU
		{272C1E5C-29A9-498B-9ED5-D2D519B2C338}.Release|Any CPU.Build.0 = Release|Any CPU
	EndGlobalSection
	GlobalSection(SolutionProperties) = preSolution
		HideSolutionNode = FALSE
	EndGlobalSection
	GlobalSection(NestedProjects) = preSolution
		{7EDE3E5E-4EB5-445D-BAF9-FB68EFAC6102} = {39480728-885C-4692-B8DB-ED839E0EF5CE}
		{DA660C85-0193-449F-841F-B8E2991850CC} = {39480728-885C-4692-B8DB-ED839E0EF5CE}
		{B6AAF52B-F4FD-4F0F-943A-FF5030A42FA2} = {39480728-885C-4692-B8DB-ED839E0EF5CE}
		{99EE2D0C-6336-47E5-A73E-6D63ECFA4FD2} = {F4DD86DA-163F-40FE-BC28-110E13D8D238}
		{9B5714A0-A73B-433C-AD33-CDCF7F00C85B} = {F4DD86DA-163F-40FE-BC28-110E13D8D238}
		{8AB7C867-4275-4F9D-8A9B-EE6A8A67E1E0} = {F4DD86DA-163F-40FE-BC28-110E13D8D238}
		{933D2C53-3D5F-4054-AD5F-7DBA860BDCAF} = {C61FAA82-3B30-432E-9851-443415DD8AA0}
		{A5D861EF-89B3-4F34-8A70-9DBC4D5577A8} = {C61FAA82-3B30-432E-9851-443415DD8AA0}
		{272C1E5C-29A9-498B-9ED5-D2D519B2C338} = {C61FAA82-3B30-432E-9851-443415DD8AA0}
	EndGlobalSection
	GlobalSection(ExtensibilityGlobals) = postSolution
		SolutionGuid = {92577808-D12B-4009-91F3-59C63E860EC5}
	EndGlobalSection
EndGlobal
