
Microsoft Visual Studio Solution File, Format Version 12.00
# Visual Studio Version 16
VisualStudioVersion = 16.0.34031.81
MinimumVisualStudioVersion = 10.0.40219.1
Project("{2150E333-8FDC-42A3-9474-1A3956D46DE8}") = "Task0", "Task0", "{39480728-885C-4692-B8DB-ED839E0EF5CE}"
EndProject
Project("{FAE04EC0-301F-11D3-BF4B-00C04F79EFBC}") = "Tyuiu.MezentsevSE.Sprint6.Task0.V26.Lib", "Tyuiu.MezentsevSE.Sprint6.Task0.V26.Lib\Tyuiu.MezentsevSE.Sprint6.Task0.V26.Lib.csproj", "{7EDE3E5E-4EB5-445D-BAF9-FB68EFAC6102}"
EndProject
Project("{FAE04EC0-301F-11D3-BF4B-00C04F79EFBC}") = "Tyuiu.MezentsevSE.Sprint6.Task0.V26.Test", "Tyuiu.MezentsevSE.Sprint6.Task0.V26.Test\Tyuiu.MezentsevSE.Sprint6.Task0.V26.Test.csproj", "{DA660C85-0193-449F-841F-B8E2991850CC}"
EndProject
Project("{FAE04EC0-301F-11D3-BF4B-00C04F79EFBC}") = "Tyuiu.MezentsevSE.Sprint6.Task0.V26", "Tyuiu.MezentsevSE.Sprint6.Task0.V26\Tyuiu.MezentsevSE.Sprint6.Task0.V26.csproj", "{B6AAF52B-F4FD-4F0F-943A-FF5030A42FA2}"
EndProject
Project("{2150E333-8FDC-42A3-9474-1A3956D46DE8}") = "Task1", "Task1", "{F4DD86DA-163F-40FE-BC28-110E13D8D238}"
EndProject
Project("{FAE04EC0-301F-11D3-BF4B-00C04F79EFBC}") = "Tyuiu.MezentsevSE.Sprint6.Task1.V13.Lib", "Tyuiu.MezentsevSE.Sprint6.Task1.V13.Lib\Tyuiu.MezentsevSE.Sprint6.Task1.V13.Lib.csproj", "{99EE2D0C-6336-47E5-A73E-6D63ECFA4FD2}"
EndProject
Project("{FAE04EC0-301F-11D3-BF4B-00C04F79EFBC}") = "Tyuiu.MezentsevSE.Sprint6.Task1.V13.Test", "Tyuiu.MezentsevSE.Sprint6.Task1.V13.Test\Tyuiu.MezentsevSE.Sprint6.Task1.V13.Test.csproj", "{9B5714A0-A73B-433C-AD33-CDCF7F00C85B}"
EndProject
Project("{FAE04EC0-301F-11D3-BF4B-00C04F79EFBC}") = "Tyuiu.MezentsevSE.Sprint6.Task1.V13", "Tyuiu.MezentsevSE.Sprint6.Task1.V13\Tyuiu.MezentsevSE.Sprint6.Task1.V13.csproj", "{8AB7C867-4275-4F9D-8A9B-EE6A8A67E1E0}"
EndProject
Project("{2150E333-8FDC-42A3-9474-1A3956D46DE8}") = "Task2", "Task2", "{C61FAA82-3B30-432E-9851-443415DD8AA0}"
EndProject
Project("{FAE04EC0-301F-11D3-BF4B-00C04F79EFBC}") = "Tyuiu.MezentsevSE.Sprint6.Task2.V6.Lib", "Tyuiu.MezentsevSE.Sprint6.Task2.V6.Lib\Tyuiu.MezentsevSE.Sprint6.Task2.V6.Lib.csproj", "{D2EB0686-C57B-4FBA-A004-0817BEA490DB}"
EndProject
Project("{FAE04EC0-301F-11D3-BF4B-00C04F79EFBC}") = "Tyuiu.MezentsevSE.Sprint6.Task2.V6.Test", "Tyuiu.MezentsevSE.Sprint6.Task2.V6.Test\Tyuiu.MezentsevSE.Sprint6.Task2.V6.Test.csproj", "{D12BE754-65BF-4B2C-B55C-E2DCEAAC8C03}"
EndProject
Project("{FAE04EC0-301F-11D3-BF4B-00C04F79EFBC}") = "Tyuiu.MezentsevSE.Sprint6.Task2.V6", "Tyuiu.MezentsevSE.Sprint6.Task2.V6\Tyuiu.MezentsevSE.Sprint6.Task2.V6.csproj", "{1D2DC213-59BF-4959-BA04-FD3C65D4EC36}"
EndProject
Project("{2150E333-8FDC-42A3-9474-1A3956D46DE8}") = "Task3", "Task3", "{2453FB9D-45CB-454A-98E5-2C463C0F3652}"
EndProject
Project("{FAE04EC0-301F-11D3-BF4B-00C04F79EFBC}") = "Tyuiu.MezentsevSE.Sprint6.Task3.V18.Lib", "Tyuiu.MezentsevSE.Sprint6.Task3.V18.Lib\Tyuiu.MezentsevSE.Sprint6.Task3.V18.Lib.csproj", "{F946C85A-0C1D-4DDA-B0DC-77739897416E}"
EndProject
Project("{FAE04EC0-301F-11D3-BF4B-00C04F79EFBC}") = "Tyuiu.MezentsevSE.Sprint6.Task3.V18.Test", "Tyuiu.MezentsevSE.Sprint6.Task3.V18.Test\Tyuiu.MezentsevSE.Sprint6.Task3.V18.Test.csproj", "{A3DAA135-A2E2-4B87-973C-C5DAD4A07497}"
EndProject
Project("{FAE04EC0-301F-11D3-BF4B-00C04F79EFBC}") = "Tyuiu.MezentsevSE.Sprint6.Task3.V18", "Tyuiu.MezentsevSE.Sprint6.Task3.V18\Tyuiu.MezentsevSE.Sprint6.Task3.V18.csproj", "{F8787FB7-4198-4EB1-81EF-EE44531EF09D}"
EndProject
Project("{2150E333-8FDC-42A3-9474-1A3956D46DE8}") = "Task4", "Task4", "{CAE38B0C-DFCD-45CB-A405-26A017DE9397}"
EndProject
Project("{FAE04EC0-301F-11D3-BF4B-00C04F79EFBC}") = "Tyuiu.MezentsevSE.Sprint6.Task4.V19.Lib", "Tyuiu.MezentsevSE.Sprint6.Task4.V19.Lib\Tyuiu.MezentsevSE.Sprint6.Task4.V19.Lib.csproj", "{700435EE-2E53-4492-AA54-9A6773620478}"
EndProject
Project("{FAE04EC0-301F-11D3-BF4B-00C04F79EFBC}") = "Tyuiu.MezentsevSE.Sprint6.Task4.V19.Test", "Tyuiu.MezentsevSE.Sprint6.Task4.V19.Test\Tyuiu.MezentsevSE.Sprint6.Task4.V19.Test.csproj", "{8CF1F66C-FDE0-450E-88BB-E439ED4C0AE9}"
EndProject
Project("{FAE04EC0-301F-11D3-BF4B-00C04F79EFBC}") = "Tyuiu.MezentsevSE.Sprint6.Task4.V19", "Tyuiu.MezentsevSE.Sprint6.Task4.V19\Tyuiu.MezentsevSE.Sprint6.Task4.V19.csproj", "{BFFF4ECC-F415-45DC-8D59-283A89A5574F}"
EndProject
Project("{2150E333-8FDC-42A3-9474-1A3956D46DE8}") = "Task5", "Task5", "{0596923C-B61B-43EE-B39E-69C6DF75928D}"
EndProject
Project("{FAE04EC0-301F-11D3-BF4B-00C04F79EFBC}") = "Tyuiu.MezentsevSE.Sprint6.Task5.V12.Lib", "Tyuiu.MezentsevSE.Sprint6.Task5.V12.Lib\Tyuiu.MezentsevSE.Sprint6.Task5.V12.Lib.csproj", "{E2D11AEF-2E49-4B5A-B67A-224A2938D85C}"
EndProject
Project("{FAE04EC0-301F-11D3-BF4B-00C04F79EFBC}") = "Tyuiu.MezentsevSE.Sprint6.Task5.V12.Test", "Tyuiu.MezentsevSE.Sprint6.Task5.V12.Test\Tyuiu.MezentsevSE.Sprint6.Task5.V12.Test.csproj", "{58FA269E-7F1B-4BC8-9C9D-3414CC7DB9CD}"
EndProject
Project("{FAE04EC0-301F-11D3-BF4B-00C04F79EFBC}") = "Tyuiu.MezentsevSE.Sprint6.Task5.V12", "Tyuiu.MezentsevSE.Sprint6.Task5.V12\Tyuiu.MezentsevSE.Sprint6.Task5.V12.csproj", "{2C19BDC5-9A02-4345-921E-B2ED475E7FC1}"
EndProject
Global
	GlobalSection(SolutionConfigurationPlatforms) = preSolution
		Debug|Any CPU = Debug|Any CPU
		Release|Any CPU = Release|Any CPU
	EndGlobalSection
	GlobalSection(ProjectConfigurationPlatforms) = postSolution
		{7EDE3E5E-4EB5-445D-BAF9-FB68EFAC6102}.Debug|Any CPU.ActiveCfg = Debug|Any CPU
		{7EDE3E5E-4EB5-445D-BAF9-FB68EFAC6102}.Debug|Any CPU.Build.0 = Debug|Any CPU
		{7EDE3E5E-4EB5-445D-BAF9-FB68EFAC6102}.Release|Any CPU.ActiveCfg = Release|Any CPU
		{7EDE3E5E-4EB5-445D-BAF9-FB68EFAC6102}.Release|Any CPU.Build.0 = Release|Any CPU
		{DA660C85-0193-449F-841F-B8E2991850CC}.Debug|Any CPU.ActiveCfg = Debug|Any CPU
		{DA660C85-0193-449F-841F-B8E2991850CC}.Debug|Any CPU.Build.0 = Debug|Any CPU
		{DA660C85-0193-449F-841F-B8E2991850CC}.Release|Any CPU.ActiveCfg = Release|Any CPU
		{DA660C85-0193-449F-841F-B8E2991850CC}.Release|Any CPU.Build.0 = Release|Any CPU
		{B6AAF52B-F4FD-4F0F-943A-FF5030A42FA2}.Debug|Any CPU.ActiveCfg = Debug|Any CPU
		{B6AAF52B-F4FD-4F0F-943A-FF5030A42FA2}.Debug|Any CPU.Build.0 = Debug|Any CPU
		{B6AAF52B-F4FD-4F0F-943A-FF5030A42FA2}.Release|Any CPU.ActiveCfg = Release|Any CPU
		{B6AAF52B-F4FD-4F0F-943A-FF5030A42FA2}.Release|Any CPU.Build.0 = Release|Any CPU
		{99EE2D0C-6336-47E5-A73E-6D63ECFA4FD2}.Debug|Any CPU.ActiveCfg = Debug|Any CPU
		{99EE2D0C-6336-47E5-A73E-6D63ECFA4FD2}.Debug|Any CPU.Build.0 = Debug|Any CPU
		{99EE2D0C-6336-47E5-A73E-6D63ECFA4FD2}.Release|Any CPU.ActiveCfg = Release|Any CPU
		{99EE2D0C-6336-47E5-A73E-6D63ECFA4FD2}.Release|Any CPU.Build.0 = Release|Any CPU
		{9B5714A0-A73B-433C-AD33-CDCF7F00C85B}.Debug|Any CPU.ActiveCfg = Debug|Any CPU
		{9B5714A0-A73B-433C-AD33-CDCF7F00C85B}.Debug|Any CPU.Build.0 = Debug|Any CPU
		{9B5714A0-A73B-433C-AD33-CDCF7F00C85B}.Release|Any CPU.ActiveCfg = Release|Any CPU
		{9B5714A0-A73B-433C-AD33-CDCF7F00C85B}.Release|Any CPU.Build.0 = Release|Any CPU
		{8AB7C867-4275-4F9D-8A9B-EE6A8A67E1E0}.Debug|Any CPU.ActiveCfg = Debug|Any CPU
		{8AB7C867-4275-4F9D-8A9B-EE6A8A67E1E0}.Debug|Any CPU.Build.0 = Debug|Any CPU
		{8AB7C867-4275-4F9D-8A9B-EE6A8A67E1E0}.Release|Any CPU.ActiveCfg = Release|Any CPU
		{8AB7C867-4275-4F9D-8A9B-EE6A8A67E1E0}.Release|Any CPU.Build.0 = Release|Any CPU
		{D2EB0686-C57B-4FBA-A004-0817BEA490DB}.Debug|Any CPU.ActiveCfg = Debug|Any CPU
		{D2EB0686-C57B-4FBA-A004-0817BEA490DB}.Debug|Any CPU.Build.0 = Debug|Any CPU
		{D2EB0686-C57B-4FBA-A004-0817BEA490DB}.Release|Any CPU.ActiveCfg = Release|Any CPU
		{D2EB0686-C57B-4FBA-A004-0817BEA490DB}.Release|Any CPU.Build.0 = Release|Any CPU
		{D12BE754-65BF-4B2C-B55C-E2DCEAAC8C03}.Debug|Any CPU.ActiveCfg = Debug|Any CPU
		{D12BE754-65BF-4B2C-B55C-E2DCEAAC8C03}.Debug|Any CPU.Build.0 = Debug|Any CPU
		{D12BE754-65BF-4B2C-B55C-E2DCEAAC8C03}.Release|Any CPU.ActiveCfg = Release|Any CPU
		{D12BE754-65BF-4B2C-B55C-E2DCEAAC8C03}.Release|Any CPU.Build.0 = Release|Any CPU
		{1D2DC213-59BF-4959-BA04-FD3C65D4EC36}.Debug|Any CPU.ActiveCfg = Debug|Any CPU
		{1D2DC213-59BF-4959-BA04-FD3C65D4EC36}.Debug|Any CPU.Build.0 = Debug|Any CPU
		{1D2DC213-59BF-4959-BA04-FD3C65D4EC36}.Release|Any CPU.ActiveCfg = Release|Any CPU
		{1D2DC213-59BF-4959-BA04-FD3C65D4EC36}.Release|Any CPU.Build.0 = Release|Any CPU
		{F946C85A-0C1D-4DDA-B0DC-77739897416E}.Debug|Any CPU.ActiveCfg = Debug|Any CPU
		{F946C85A-0C1D-4DDA-B0DC-77739897416E}.Debug|Any CPU.Build.0 = Debug|Any CPU
		{F946C85A-0C1D-4DDA-B0DC-77739897416E}.Release|Any CPU.ActiveCfg = Release|Any CPU
		{F946C85A-0C1D-4DDA-B0DC-77739897416E}.Release|Any CPU.Build.0 = Release|Any CPU
		{A3DAA135-A2E2-4B87-973C-C5DAD4A07497}.Debug|Any CPU.ActiveCfg = Debug|Any CPU
		{A3DAA135-A2E2-4B87-973C-C5DAD4A07497}.Debug|Any CPU.Build.0 = Debug|Any CPU
		{A3DAA135-A2E2-4B87-973C-C5DAD4A07497}.Release|Any CPU.ActiveCfg = Release|Any CPU
		{A3DAA135-A2E2-4B87-973C-C5DAD4A07497}.Release|Any CPU.Build.0 = Release|Any CPU
		{F8787FB7-4198-4EB1-81EF-EE44531EF09D}.Debug|Any CPU.ActiveCfg = Debug|Any CPU
		{F8787FB7-4198-4EB1-81EF-EE44531EF09D}.Debug|Any CPU.Build.0 = Debug|Any CPU
		{F8787FB7-4198-4EB1-81EF-EE44531EF09D}.Release|Any CPU.ActiveCfg = Release|Any CPU
		{F8787FB7-4198-4EB1-81EF-EE44531EF09D}.Release|Any CPU.Build.0 = Release|Any CPU
		{700435EE-2E53-4492-AA54-9A6773620478}.Debug|Any CPU.ActiveCfg = Debug|Any CPU
		{700435EE-2E53-4492-AA54-9A6773620478}.Debug|Any CPU.Build.0 = Debug|Any CPU
		{700435EE-2E53-4492-AA54-9A6773620478}.Release|Any CPU.ActiveCfg = Release|Any CPU
		{700435EE-2E53-4492-AA54-9A6773620478}.Release|Any CPU.Build.0 = Release|Any CPU
		{8CF1F66C-FDE0-450E-88BB-E439ED4C0AE9}.Debug|Any CPU.ActiveCfg = Debug|Any CPU
		{8CF1F66C-FDE0-450E-88BB-E439ED4C0AE9}.Debug|Any CPU.Build.0 = Debug|Any CPU
		{8CF1F66C-FDE0-450E-88BB-E439ED4C0AE9}.Release|Any CPU.ActiveCfg = Release|Any CPU
		{8CF1F66C-FDE0-450E-88BB-E439ED4C0AE9}.Release|Any CPU.Build.0 = Release|Any CPU
		{BFFF4ECC-F415-45DC-8D59-283A89A5574F}.Debug|Any CPU.ActiveCfg = Debug|Any CPU
		{BFFF4ECC-F415-45DC-8D59-283A89A5574F}.Debug|Any CPU.Build.0 = Debug|Any CPU
		{BFFF4ECC-F415-45DC-8D59-283A89A5574F}.Release|Any CPU.ActiveCfg = Release|Any CPU
		{BFFF4ECC-F415-45DC-8D59-283A89A5574F}.Release|Any CPU.Build.0 = Release|Any CPU
		{E2D11AEF-2E49-4B5A-B67A-224A2938D85C}.Debug|Any CPU.ActiveCfg = Debug|Any CPU
		{E2D11AEF-2E49-4B5A-B67A-224A2938D85C}.Debug|Any CPU.Build.0 = Debug|Any CPU
		{E2D11AEF-2E49-4B5A-B67A-224A2938D85C}.Release|Any CPU.ActiveCfg = Release|Any CPU
		{E2D11AEF-2E49-4B5A-B67A-224A2938D85C}.Release|Any CPU.Build.0 = Release|Any CPU
		{58FA269E-7F1B-4BC8-9C9D-3414CC7DB9CD}.Debug|Any CPU.ActiveCfg = Debug|Any CPU
		{58FA269E-7F1B-4BC8-9C9D-3414CC7DB9CD}.Debug|Any CPU.Build.0 = Debug|Any CPU
		{58FA269E-7F1B-4BC8-9C9D-3414CC7DB9CD}.Release|Any CPU.ActiveCfg = Release|Any CPU
		{58FA269E-7F1B-4BC8-9C9D-3414CC7DB9CD}.Release|Any CPU.Build.0 = Release|Any CPU
		{2C19BDC5-9A02-4345-921E-B2ED475E7FC1}.Debug|Any CPU.ActiveCfg = Debug|Any CPU
		{2C19BDC5-9A02-4345-921E-B2ED475E7FC1}.Debug|Any CPU.Build.0 = Debug|Any CPU
		{2C19BDC5-9A02-4345-921E-B2ED475E7FC1}.Release|Any CPU.ActiveCfg = Release|Any CPU
		{2C19BDC5-9A02-4345-921E-B2ED475E7FC1}.Release|Any CPU.Build.0 = Release|Any CPU
	EndGlobalSection
	GlobalSection(SolutionProperties) = preSolution
		HideSolutionNode = FALSE
	EndGlobalSection
	GlobalSection(NestedProjects) = preSolution
		{7EDE3E5E-4EB5-445D-BAF9-FB68EFAC6102} = {39480728-885C-4692-B8DB-ED839E0EF5CE}
		{DA660C85-0193-449F-841F-B8E2991850CC} = {39480728-885C-4692-B8DB-ED839E0EF5CE}
		{B6AAF52B-F4FD-4F0F-943A-FF5030A42FA2} = {39480728-885C-4692-B8DB-ED839E0EF5CE}
		{99EE2D0C-6336-47E5-A73E-6D63ECFA4FD2} = {F4DD86DA-163F-40FE-BC28-110E13D8D238}
		{9B5714A0-A73B-433C-AD33-CDCF7F00C85B} = {F4DD86DA-163F-40FE-BC28-110E13D8D238}
		{8AB7C867-4275-4F9D-8A9B-EE6A8A67E1E0} = {F4DD86DA-163F-40FE-BC28-110E13D8D238}
		{D2EB0686-C57B-4FBA-A004-0817BEA490DB} = {C61FAA82-3B30-432E-9851-443415DD8AA0}
		{D12BE754-65BF-4B2C-B55C-E2DCEAAC8C03} = {C61FAA82-3B30-432E-9851-443415DD8AA0}
		{1D2DC213-59BF-4959-BA04-FD3C65D4EC36} = {C61FAA82-3B30-432E-9851-443415DD8AA0}
		{F946C85A-0C1D-4DDA-B0DC-77739897416E} = {2453FB9D-45CB-454A-98E5-2C463C0F3652}
		{A3DAA135-A2E2-4B87-973C-C5DAD4A07497} = {2453FB9D-45CB-454A-98E5-2C463C0F3652}
		{F8787FB7-4198-4EB1-81EF-EE44531EF09D} = {2453FB9D-45CB-454A-98E5-2C463C0F3652}
		{700435EE-2E53-4492-AA54-9A6773620478} = {CAE38B0C-DFCD-45CB-A405-26A017DE9397}
		{8CF1F66C-FDE0-450E-88BB-E439ED4C0AE9} = {CAE38B0C-DFCD-45CB-A405-26A017DE9397}
		{BFFF4ECC-F415-45DC-8D59-283A89A5574F} = {CAE38B0C-DFCD-45CB-A405-26A017DE9397}
		{E2D11AEF-2E49-4B5A-B67A-224A2938D85C} = {0596923C-B61B-43EE-B39E-69C6DF75928D}
		{58FA269E-7F1B-4BC8-9C9D-3414CC7DB9CD} = {0596923C-B61B-43EE-B39E-69C6DF75928D}
		{2C19BDC5-9A02-4345-921E-B2ED475E7FC1} = {0596923C-B61B-43EE-B39E-69C6DF75928D}
	EndGlobalSection
	GlobalSection(ExtensibilityGlobals) = postSolution
		SolutionGuid = {92577808-D12B-4009-91F3-59C63E860EC5}
	EndGlobalSection
EndGlobal
